
Microsoft Visual Studio Solution File, Format Version 12.00
# Visual Studio Version 17
VisualStudioVersion = 17.7.34031.279
MinimumVisualStudioVersion = 10.0.40219.1
Project("{9A19103F-16F7-4668-BE54-9A1E7A4F7556}") = "WinPathTool", "WinPathTool.csproj", "{DE825D53-7819-4885-A4F9-BA73914A5FD5}"
EndProject
Global
	GlobalSection(SolutionConfigurationPlatforms) = preSolution
		Debug|Any CPU = Debug|Any CPU
		Release|Any CPU = Release|Any CPU
	EndGlobalSection
	GlobalSection(ProjectConfigurationPlatforms) = postSolution
		{DE825D53-7819-4885-A4F9-BA73914A5FD5}.Debug|Any CPU.ActiveCfg = Debug|Any CPU
		{DE825D53-7819-4885-A4F9-BA73914A5FD5}.Debug|Any CPU.Build.0 = Debug|Any CPU
		{DE825D53-7819-4885-A4F9-BA73914A5FD5}.Release|Any CPU.ActiveCfg = Release|Any CPU
		{DE825D53-7819-4885-A4F9-BA73914A5FD5}.Release|Any CPU.Build.0 = Release|Any CPU
	EndGlobalSection
	GlobalSection(SolutionProperties) = preSolution
		HideSolutionNode = FALSE
	EndGlobalSection
	GlobalSection(ExtensibilityGlobals) = postSolution
		SolutionGuid = {AA16BDB9-548A-4ABA-80D8-6A9001ADEE8C}
	EndGlobalSection
EndGlobal
